
Microsoft Visual Studio Solution File, Format Version 12.00
# Visual Studio Version 16
VisualStudioVersion = 16.0.31112.23
MinimumVisualStudioVersion = 10.0.40219.1
Project("{F184B08F-C81C-45F6-A57F-5ABD9991F28F}") = "ClienteBd", "ClienteBd.vbproj", "{18971F61-66F1-49F9-B36B-CF68756E210B}"
EndProject
Global
	GlobalSection(SolutionConfigurationPlatforms) = preSolution
		Debug|Any CPU = Debug|Any CPU
		Release|Any CPU = Release|Any CPU
	EndGlobalSection
	GlobalSection(ProjectConfigurationPlatforms) = postSolution
		{18971F61-66F1-49F9-B36B-CF68756E210B}.Debug|Any CPU.ActiveCfg = Debug|Any CPU
		{18971F61-66F1-49F9-B36B-CF68756E210B}.Debug|Any CPU.Build.0 = Debug|Any CPU
		{18971F61-66F1-49F9-B36B-CF68756E210B}.Release|Any CPU.ActiveCfg = Release|Any CPU
		{18971F61-66F1-49F9-B36B-CF68756E210B}.Release|Any CPU.Build.0 = Release|Any CPU
	EndGlobalSection
	GlobalSection(SolutionProperties) = preSolution
		HideSolutionNode = FALSE
	EndGlobalSection
	GlobalSection(ExtensibilityGlobals) = postSolution
		SolutionGuid = {1DCCD222-0532-4E4A-8AFA-B056366D9E08}
	EndGlobalSection
EndGlobal
