
Microsoft Visual Studio Solution File, Format Version 12.00
# Visual Studio Version 16
VisualStudioVersion = 16.0.30907.101
MinimumVisualStudioVersion = 10.0.40219.1
Project("{F184B08F-C81C-45F6-A57F-5ABD9991F28F}") = "area quadrado", "area quadrado\area quadrado.vbproj", "{50A7773F-882E-43C3-8661-A33332447EB5}"
EndProject
Global
	GlobalSection(SolutionConfigurationPlatforms) = preSolution
		Debug|Any CPU = Debug|Any CPU
		Release|Any CPU = Release|Any CPU
	EndGlobalSection
	GlobalSection(ProjectConfigurationPlatforms) = postSolution
		{50A7773F-882E-43C3-8661-A33332447EB5}.Debug|Any CPU.ActiveCfg = Debug|Any CPU
		{50A7773F-882E-43C3-8661-A33332447EB5}.Debug|Any CPU.Build.0 = Debug|Any CPU
		{50A7773F-882E-43C3-8661-A33332447EB5}.Release|Any CPU.ActiveCfg = Release|Any CPU
		{50A7773F-882E-43C3-8661-A33332447EB5}.Release|Any CPU.Build.0 = Release|Any CPU
	EndGlobalSection
	GlobalSection(SolutionProperties) = preSolution
		HideSolutionNode = FALSE
	EndGlobalSection
	GlobalSection(ExtensibilityGlobals) = postSolution
		SolutionGuid = {9EC53A65-2CB4-4588-9708-0E5D6B620EB7}
	EndGlobalSection
EndGlobal
